// !$*UTF8*$!
{
	archiveVersion = 1;
	classes = {
	};
	objectVersion = 51;
	objects = {

/* Begin PBXBuildFile section */
		02682EC82409C98A0064C354 /* AppDelegate.swift in Sources */ = {isa = PBXBuildFile; fileRef = 02682EC72409C98A0064C354 /* AppDelegate.swift */; };
		02682ECA2409C98A0064C354 /* SceneDelegate.swift in Sources */ = {isa = PBXBuildFile; fileRef = 02682EC92409C98A0064C354 /* SceneDelegate.swift */; };
		02682ED12409C9930064C354 /* Assets.xcassets in Resources */ = {isa = PBXBuildFile; fileRef = 02682ED02409C9930064C354 /* Assets.xcassets */; };
		02682ED42409C9930064C354 /* LaunchScreen.storyboard in Resources */ = {isa = PBXBuildFile; fileRef = 02682ED22409C9930064C354 /* LaunchScreen.storyboard */; };
		02682EDF2409C9930064C354 /* CocoaPods_LabTests.swift in Sources */ = {isa = PBXBuildFile; fileRef = 02682EDE2409C9930064C354 /* CocoaPods_LabTests.swift */; };
		026E33EE2411A27100529886 /* Users.swift in Sources */ = {isa = PBXBuildFile; fileRef = 026E33ED2411A27100529886 /* Users.swift */; };
		026E33F02411A4BA00529886 /* APIClient.swift in Sources */ = {isa = PBXBuildFile; fileRef = 026E33EF2411A4BA00529886 /* APIClient.swift */; };
		026E33F22411A66E00529886 /* UsersDetailView.swift in Sources */ = {isa = PBXBuildFile; fileRef = 026E33F12411A66E00529886 /* UsersDetailView.swift */; };
		026E33F42411A79700529886 /* UsersCollectionView.swift in Sources */ = {isa = PBXBuildFile; fileRef = 026E33F32411A79700529886 /* UsersCollectionView.swift */; };
		026E33F62411A8A400529886 /* UsersViewController.swift in Sources */ = {isa = PBXBuildFile; fileRef = 026E33F52411A8A400529886 /* UsersViewController.swift */; };
		026E33F82411A95600529886 /* CollectionViewCell.swift in Sources */ = {isa = PBXBuildFile; fileRef = 026E33F72411A95600529886 /* CollectionViewCell.swift */; };
		94A2C0EB932AD76A65F27024 /* Pods_CocoaPods_LabTests.framework in Frameworks */ = {isa = PBXBuildFile; fileRef = 2956A63D233E3E71720F9DD6 /* Pods_CocoaPods_LabTests.framework */; };
		F894F78283C127C37A09951E /* Pods_CocoaPods_Lab.framework in Frameworks */ = {isa = PBXBuildFile; fileRef = 7996CBD22B0DBEAB43500E47 /* Pods_CocoaPods_Lab.framework */; };
/* End PBXBuildFile section */

/* Begin PBXContainerItemProxy section */
		02682EDB2409C9930064C354 /* PBXContainerItemProxy */ = {
			isa = PBXContainerItemProxy;
			containerPortal = 02682EBC2409C98A0064C354 /* Project object */;
			proxyType = 1;
			remoteGlobalIDString = 02682EC32409C98A0064C354;
			remoteInfo = "CocoaPods-Lab";
		};
/* End PBXContainerItemProxy section */

/* Begin PBXFileReference section */
		02682EC42409C98A0064C354 /* CocoaPods-Lab.app */ = {isa = PBXFileReference; explicitFileType = wrapper.application; includeInIndex = 0; path = "CocoaPods-Lab.app"; sourceTree = BUILT_PRODUCTS_DIR; };
		02682EC72409C98A0064C354 /* AppDelegate.swift */ = {isa = PBXFileReference; lastKnownFileType = sourcecode.swift; path = AppDelegate.swift; sourceTree = "<group>"; };
		02682EC92409C98A0064C354 /* SceneDelegate.swift */ = {isa = PBXFileReference; lastKnownFileType = sourcecode.swift; path = SceneDelegate.swift; sourceTree = "<group>"; };
		02682ED02409C9930064C354 /* Assets.xcassets */ = {isa = PBXFileReference; lastKnownFileType = folder.assetcatalog; path = Assets.xcassets; sourceTree = "<group>"; };
		02682ED32409C9930064C354 /* Base */ = {isa = PBXFileReference; lastKnownFileType = file.storyboard; name = Base; path = Base.lproj/LaunchScreen.storyboard; sourceTree = "<group>"; };
		02682ED52409C9930064C354 /* Info.plist */ = {isa = PBXFileReference; lastKnownFileType = text.plist.xml; path = Info.plist; sourceTree = "<group>"; };
		02682EDA2409C9930064C354 /* CocoaPods-LabTests.xctest */ = {isa = PBXFileReference; explicitFileType = wrapper.cfbundle; includeInIndex = 0; path = "CocoaPods-LabTests.xctest"; sourceTree = BUILT_PRODUCTS_DIR; };
		02682EDE2409C9930064C354 /* CocoaPods_LabTests.swift */ = {isa = PBXFileReference; lastKnownFileType = sourcecode.swift; path = CocoaPods_LabTests.swift; sourceTree = "<group>"; };
		02682EE02409C9930064C354 /* Info.plist */ = {isa = PBXFileReference; lastKnownFileType = text.plist.xml; path = Info.plist; sourceTree = "<group>"; };
		026E33ED2411A27100529886 /* Users.swift */ = {isa = PBXFileReference; lastKnownFileType = sourcecode.swift; path = Users.swift; sourceTree = "<group>"; };
		026E33EF2411A4BA00529886 /* APIClient.swift */ = {isa = PBXFileReference; lastKnownFileType = sourcecode.swift; path = APIClient.swift; sourceTree = "<group>"; };
		026E33F12411A66E00529886 /* UsersDetailView.swift */ = {isa = PBXFileReference; lastKnownFileType = sourcecode.swift; path = UsersDetailView.swift; sourceTree = "<group>"; };
		026E33F32411A79700529886 /* UsersCollectionView.swift */ = {isa = PBXFileReference; lastKnownFileType = sourcecode.swift; path = UsersCollectionView.swift; sourceTree = "<group>"; };
		026E33F52411A8A400529886 /* UsersViewController.swift */ = {isa = PBXFileReference; lastKnownFileType = sourcecode.swift; path = UsersViewController.swift; sourceTree = "<group>"; };
		026E33F72411A95600529886 /* CollectionViewCell.swift */ = {isa = PBXFileReference; lastKnownFileType = sourcecode.swift; path = CollectionViewCell.swift; sourceTree = "<group>"; };
		2956A63D233E3E71720F9DD6 /* Pods_CocoaPods_LabTests.framework */ = {isa = PBXFileReference; explicitFileType = wrapper.framework; includeInIndex = 0; path = Pods_CocoaPods_LabTests.framework; sourceTree = BUILT_PRODUCTS_DIR; };
		581A01C77A941951061D91ED /* Pods-CocoaPods-LabTests.release.xcconfig */ = {isa = PBXFileReference; includeInIndex = 1; lastKnownFileType = text.xcconfig; name = "Pods-CocoaPods-LabTests.release.xcconfig"; path = "Target Support Files/Pods-CocoaPods-LabTests/Pods-CocoaPods-LabTests.release.xcconfig"; sourceTree = "<group>"; };
		7996CBD22B0DBEAB43500E47 /* Pods_CocoaPods_Lab.framework */ = {isa = PBXFileReference; explicitFileType = wrapper.framework; includeInIndex = 0; path = Pods_CocoaPods_Lab.framework; sourceTree = BUILT_PRODUCTS_DIR; };
		7CC57D94BCDDBB56FDF4266D /* Pods-CocoaPods-Lab.release.xcconfig */ = {isa = PBXFileReference; includeInIndex = 1; lastKnownFileType = text.xcconfig; name = "Pods-CocoaPods-Lab.release.xcconfig"; path = "Target Support Files/Pods-CocoaPods-Lab/Pods-CocoaPods-Lab.release.xcconfig"; sourceTree = "<group>"; };
		B96D99A0825C85905CB26A81 /* Pods-CocoaPods-Lab.debug.xcconfig */ = {isa = PBXFileReference; includeInIndex = 1; lastKnownFileType = text.xcconfig; name = "Pods-CocoaPods-Lab.debug.xcconfig"; path = "Target Support Files/Pods-CocoaPods-Lab/Pods-CocoaPods-Lab.debug.xcconfig"; sourceTree = "<group>"; };
		E0E13A55AFBAADC74F881046 /* Pods-CocoaPods-LabTests.debug.xcconfig */ = {isa = PBXFileReference; includeInIndex = 1; lastKnownFileType = text.xcconfig; name = "Pods-CocoaPods-LabTests.debug.xcconfig"; path = "Target Support Files/Pods-CocoaPods-LabTests/Pods-CocoaPods-LabTests.debug.xcconfig"; sourceTree = "<group>"; };
/* End PBXFileReference section */

/* Begin PBXFrameworksBuildPhase section */
		02682EC12409C98A0064C354 /* Frameworks */ = {
			isa = PBXFrameworksBuildPhase;
			buildActionMask = 2147483647;
			files = (
				F894F78283C127C37A09951E /* Pods_CocoaPods_Lab.framework in Frameworks */,
			);
			runOnlyForDeploymentPostprocessing = 0;
		};
		02682ED72409C9930064C354 /* Frameworks */ = {
			isa = PBXFrameworksBuildPhase;
			buildActionMask = 2147483647;
			files = (
				94A2C0EB932AD76A65F27024 /* Pods_CocoaPods_LabTests.framework in Frameworks */,
			);
			runOnlyForDeploymentPostprocessing = 0;
		};
/* End PBXFrameworksBuildPhase section */

/* Begin PBXGroup section */
		02682EBB2409C98A0064C354 = {
			isa = PBXGroup;
			children = (
				02682EC62409C98A0064C354 /* CocoaPods-Lab */,
				02682EDD2409C9930064C354 /* CocoaPods-LabTests */,
				02682EC52409C98A0064C354 /* Products */,
				17F3CD79F51E717B6755FACB /* Pods */,
				B23929B22EEFCEC0C775D2A5 /* Frameworks */,
			);
			sourceTree = "<group>";
		};
		02682EC52409C98A0064C354 /* Products */ = {
			isa = PBXGroup;
			children = (
				02682EC42409C98A0064C354 /* CocoaPods-Lab.app */,
				02682EDA2409C9930064C354 /* CocoaPods-LabTests.xctest */,
			);
			name = Products;
			sourceTree = "<group>";
		};
		02682EC62409C98A0064C354 /* CocoaPods-Lab */ = {
			isa = PBXGroup;
			children = (
				026E33FB2411AA6900529886 /* Controllers */,
				026E33FA2411AA5A00529886 /* Views+Cells */,
				026E33F92411AA4500529886 /* Model+APIClient */,
				02682EC72409C98A0064C354 /* AppDelegate.swift */,
				02682EC92409C98A0064C354 /* SceneDelegate.swift */,
				02682ED02409C9930064C354 /* Assets.xcassets */,
				02682ED22409C9930064C354 /* LaunchScreen.storyboard */,
				02682ED52409C9930064C354 /* Info.plist */,
			);
			path = "CocoaPods-Lab";
			sourceTree = "<group>";
		};
		02682EDD2409C9930064C354 /* CocoaPods-LabTests */ = {
			isa = PBXGroup;
			children = (
				02682EDE2409C9930064C354 /* CocoaPods_LabTests.swift */,
				02682EE02409C9930064C354 /* Info.plist */,
			);
			path = "CocoaPods-LabTests";
			sourceTree = "<group>";
		};
		026E33F92411AA4500529886 /* Model+APIClient */ = {
			isa = PBXGroup;
			children = (
				026E33ED2411A27100529886 /* Users.swift */,
				026E33EF2411A4BA00529886 /* APIClient.swift */,
			);
			path = "Model+APIClient";
			sourceTree = "<group>";
		};
		026E33FA2411AA5A00529886 /* Views+Cells */ = {
			isa = PBXGroup;
			children = (
				026E33F12411A66E00529886 /* UsersDetailView.swift */,
				026E33F32411A79700529886 /* UsersCollectionView.swift */,
				026E33F72411A95600529886 /* CollectionViewCell.swift */,
			);
			path = "Views+Cells";
			sourceTree = "<group>";
		};
		026E33FB2411AA6900529886 /* Controllers */ = {
			isa = PBXGroup;
			children = (
				026E33F52411A8A400529886 /* UsersViewController.swift */,
			);
			path = Controllers;
			sourceTree = "<group>";
		};
		17F3CD79F51E717B6755FACB /* Pods */ = {
			isa = PBXGroup;
			children = (
				B96D99A0825C85905CB26A81 /* Pods-CocoaPods-Lab.debug.xcconfig */,
				7CC57D94BCDDBB56FDF4266D /* Pods-CocoaPods-Lab.release.xcconfig */,
				E0E13A55AFBAADC74F881046 /* Pods-CocoaPods-LabTests.debug.xcconfig */,
				581A01C77A941951061D91ED /* Pods-CocoaPods-LabTests.release.xcconfig */,
			);
			path = Pods;
			sourceTree = "<group>";
		};
		B23929B22EEFCEC0C775D2A5 /* Frameworks */ = {
			isa = PBXGroup;
			children = (
				7996CBD22B0DBEAB43500E47 /* Pods_CocoaPods_Lab.framework */,
				2956A63D233E3E71720F9DD6 /* Pods_CocoaPods_LabTests.framework */,
			);
			name = Frameworks;
			sourceTree = "<group>";
		};
/* End PBXGroup section */

/* Begin PBXNativeTarget section */
		02682EC32409C98A0064C354 /* CocoaPods-Lab */ = {
			isa = PBXNativeTarget;
			buildConfigurationList = 02682EE32409C9930064C354 /* Build configuration list for PBXNativeTarget "CocoaPods-Lab" */;
			buildPhases = (
				DF1D1352C17538CD7F8B0C32 /* [CP] Check Pods Manifest.lock */,
				02682EC02409C98A0064C354 /* Sources */,
				02682EC12409C98A0064C354 /* Frameworks */,
				02682EC22409C98A0064C354 /* Resources */,
				723158609563F7ED9CE239A3 /* [CP] Embed Pods Frameworks */,
			);
			buildRules = (
			);
			dependencies = (
			);
			name = "CocoaPods-Lab";
			productName = "CocoaPods-Lab";
			productReference = 02682EC42409C98A0064C354 /* CocoaPods-Lab.app */;
			productType = "com.apple.product-type.application";
		};
		02682ED92409C9930064C354 /* CocoaPods-LabTests */ = {
			isa = PBXNativeTarget;
			buildConfigurationList = 02682EE62409C9930064C354 /* Build configuration list for PBXNativeTarget "CocoaPods-LabTests" */;
			buildPhases = (
				7528FBE8A9EC54E754C0FA83 /* [CP] Check Pods Manifest.lock */,
				02682ED62409C9930064C354 /* Sources */,
				02682ED72409C9930064C354 /* Frameworks */,
				02682ED82409C9930064C354 /* Resources */,
			);
			buildRules = (
			);
			dependencies = (
				02682EDC2409C9930064C354 /* PBXTargetDependency */,
			);
			name = "CocoaPods-LabTests";
			productName = "CocoaPods-LabTests";
			productReference = 02682EDA2409C9930064C354 /* CocoaPods-LabTests.xctest */;
			productType = "com.apple.product-type.bundle.unit-test";
		};
/* End PBXNativeTarget section */

/* Begin PBXProject section */
		02682EBC2409C98A0064C354 /* Project object */ = {
			isa = PBXProject;
			attributes = {
				LastSwiftUpdateCheck = 1130;
				LastUpgradeCheck = 1130;
				ORGANIZATIONNAME = "Kelby Mittan";
				TargetAttributes = {
					02682EC32409C98A0064C354 = {
						CreatedOnToolsVersion = 11.3.1;
					};
					02682ED92409C9930064C354 = {
						CreatedOnToolsVersion = 11.3.1;
						TestTargetID = 02682EC32409C98A0064C354;
					};
				};
			};
			buildConfigurationList = 02682EBF2409C98A0064C354 /* Build configuration list for PBXProject "CocoaPods-Lab" */;
			compatibilityVersion = "Xcode 9.3";
			developmentRegion = en;
			hasScannedForEncodings = 0;
			knownRegions = (
				en,
				Base,
			);
			mainGroup = 02682EBB2409C98A0064C354;
			productRefGroup = 02682EC52409C98A0064C354 /* Products */;
			projectDirPath = "";
			projectRoot = "";
			targets = (
				02682EC32409C98A0064C354 /* CocoaPods-Lab */,
				02682ED92409C9930064C354 /* CocoaPods-LabTests */,
			);
		};
/* End PBXProject section */

/* Begin PBXResourcesBuildPhase section */
		02682EC22409C98A0064C354 /* Resources */ = {
			isa = PBXResourcesBuildPhase;
			buildActionMask = 2147483647;
			files = (
				02682ED42409C9930064C354 /* LaunchScreen.storyboard in Resources */,
				02682ED12409C9930064C354 /* Assets.xcassets in Resources */,
			);
			runOnlyForDeploymentPostprocessing = 0;
		};
		02682ED82409C9930064C354 /* Resources */ = {
			isa = PBXResourcesBuildPhase;
			buildActionMask = 2147483647;
			files = (
			);
			runOnlyForDeploymentPostprocessing = 0;
		};
/* End PBXResourcesBuildPhase section */

/* Begin PBXShellScriptBuildPhase section */
		723158609563F7ED9CE239A3 /* [CP] Embed Pods Frameworks */ = {
			isa = PBXShellScriptBuildPhase;
			buildActionMask = 2147483647;
			files = (
			);
			inputFileListPaths = (
				"${PODS_ROOT}/Target Support Files/Pods-CocoaPods-Lab/Pods-CocoaPods-Lab-frameworks-${CONFIGURATION}-input-files.xcfilelist",
			);
			name = "[CP] Embed Pods Frameworks";
			outputFileListPaths = (
				"${PODS_ROOT}/Target Support Files/Pods-CocoaPods-Lab/Pods-CocoaPods-Lab-frameworks-${CONFIGURATION}-output-files.xcfilelist",
			);
			runOnlyForDeploymentPostprocessing = 0;
			shellPath = /bin/sh;
			shellScript = "\"${PODS_ROOT}/Target Support Files/Pods-CocoaPods-Lab/Pods-CocoaPods-Lab-frameworks.sh\"\n";
			showEnvVarsInLog = 0;
		};
		7528FBE8A9EC54E754C0FA83 /* [CP] Check Pods Manifest.lock */ = {
			isa = PBXShellScriptBuildPhase;
			buildActionMask = 2147483647;
			files = (
			);
			inputFileListPaths = (
			);
			inputPaths = (
				"${PODS_PODFILE_DIR_PATH}/Podfile.lock",
				"${PODS_ROOT}/Manifest.lock",
			);
			name = "[CP] Check Pods Manifest.lock";
			outputFileListPaths = (
			);
			outputPaths = (
				"$(DERIVED_FILE_DIR)/Pods-CocoaPods-LabTests-checkManifestLockResult.txt",
			);
			runOnlyForDeploymentPostprocessing = 0;
			shellPath = /bin/sh;
			shellScript = "diff \"${PODS_PODFILE_DIR_PATH}/Podfile.lock\" \"${PODS_ROOT}/Manifest.lock\" > /dev/null\nif [ $? != 0 ] ; then\n    # print error to STDERR\n    echo \"error: The sandbox is not in sync with the Podfile.lock. Run 'pod install' or update your CocoaPods installation.\" >&2\n    exit 1\nfi\n# This output is used by Xcode 'outputs' to avoid re-running this script phase.\necho \"SUCCESS\" > \"${SCRIPT_OUTPUT_FILE_0}\"\n";
			showEnvVarsInLog = 0;
		};
		DF1D1352C17538CD7F8B0C32 /* [CP] Check Pods Manifest.lock */ = {
			isa = PBXShellScriptBuildPhase;
			buildActionMask = 2147483647;
			files = (
			);
			inputFileListPaths = (
			);
			inputPaths = (
				"${PODS_PODFILE_DIR_PATH}/Podfile.lock",
				"${PODS_ROOT}/Manifest.lock",
			);
			name = "[CP] Check Pods Manifest.lock";
			outputFileListPaths = (
			);
			outputPaths = (
				"$(DERIVED_FILE_DIR)/Pods-CocoaPods-Lab-checkManifestLockResult.txt",
			);
			runOnlyForDeploymentPostprocessing = 0;
			shellPath = /bin/sh;
			shellScript = "diff \"${PODS_PODFILE_DIR_PATH}/Podfile.lock\" \"${PODS_ROOT}/Manifest.lock\" > /dev/null\nif [ $? != 0 ] ; then\n    # print error to STDERR\n    echo \"error: The sandbox is not in sync with the Podfile.lock. Run 'pod install' or update your CocoaPods installation.\" >&2\n    exit 1\nfi\n# This output is used by Xcode 'outputs' to avoid re-running this script phase.\necho \"SUCCESS\" > \"${SCRIPT_OUTPUT_FILE_0}\"\n";
			showEnvVarsInLog = 0;
		};
/* End PBXShellScriptBuildPhase section */

/* Begin PBXSourcesBuildPhase section */
		02682EC02409C98A0064C354 /* Sources */ = {
			isa = PBXSourcesBuildPhase;
			buildActionMask = 2147483647;
			files = (
				026E33F22411A66E00529886 /* UsersDetailView.swift in Sources */,
				026E33EE2411A27100529886 /* Users.swift in Sources */,
				026E33F82411A95600529886 /* CollectionViewCell.swift in Sources */,
				02682EC82409C98A0064C354 /* AppDelegate.swift in Sources */,
				026E33F62411A8A400529886 /* UsersViewController.swift in Sources */,
				026E33F42411A79700529886 /* UsersCollectionView.swift in Sources */,
				02682ECA2409C98A0064C354 /* SceneDelegate.swift in Sources */,
				026E33F02411A4BA00529886 /* APIClient.swift in Sources */,
			);
			runOnlyForDeploymentPostprocessing = 0;
		};
		02682ED62409C9930064C354 /* Sources */ = {
			isa = PBXSourcesBuildPhase;
			buildActionMask = 2147483647;
			files = (
				02682EDF2409C9930064C354 /* CocoaPods_LabTests.swift in Sources */,
			);
			runOnlyForDeploymentPostprocessing = 0;
		};
/* End PBXSourcesBuildPhase section */

/* Begin PBXTargetDependency section */
		02682EDC2409C9930064C354 /* PBXTargetDependency */ = {
			isa = PBXTargetDependency;
			target = 02682EC32409C98A0064C354 /* CocoaPods-Lab */;
			targetProxy = 02682EDB2409C9930064C354 /* PBXContainerItemProxy */;
		};
/* End PBXTargetDependency section */

/* Begin PBXVariantGroup section */
		02682ED22409C9930064C354 /* LaunchScreen.storyboard */ = {
			isa = PBXVariantGroup;
			children = (
				02682ED32409C9930064C354 /* Base */,
			);
			name = LaunchScreen.storyboard;
			sourceTree = "<group>";
		};
/* End PBXVariantGroup section */

/* Begin XCBuildConfiguration section */
		02682EE12409C9930064C354 /* Debug */ = {
			isa = XCBuildConfiguration;
			buildSettings = {
				ALWAYS_SEARCH_USER_PATHS = NO;
				CLANG_ANALYZER_NONNULL = YES;
				CLANG_ANALYZER_NUMBER_OBJECT_CONVERSION = YES_AGGRESSIVE;
				CLANG_CXX_LANGUAGE_STANDARD = "gnu++14";
				CLANG_CXX_LIBRARY = "libc++";
				CLANG_ENABLE_MODULES = YES;
				CLANG_ENABLE_OBJC_ARC = YES;
				CLANG_ENABLE_OBJC_WEAK = YES;
				CLANG_WARN_BLOCK_CAPTURE_AUTORELEASING = YES;
				CLANG_WARN_BOOL_CONVERSION = YES;
				CLANG_WARN_COMMA = YES;
				CLANG_WARN_CONSTANT_CONVERSION = YES;
				CLANG_WARN_DEPRECATED_OBJC_IMPLEMENTATIONS = YES;
				CLANG_WARN_DIRECT_OBJC_ISA_USAGE = YES_ERROR;
				CLANG_WARN_DOCUMENTATION_COMMENTS = YES;
				CLANG_WARN_EMPTY_BODY = YES;
				CLANG_WARN_ENUM_CONVERSION = YES;
				CLANG_WARN_INFINITE_RECURSION = YES;
				CLANG_WARN_INT_CONVERSION = YES;
				CLANG_WARN_NON_LITERAL_NULL_CONVERSION = YES;
				CLANG_WARN_OBJC_IMPLICIT_RETAIN_SELF = YES;
				CLANG_WARN_OBJC_LITERAL_CONVERSION = YES;
				CLANG_WARN_OBJC_ROOT_CLASS = YES_ERROR;
				CLANG_WARN_RANGE_LOOP_ANALYSIS = YES;
				CLANG_WARN_STRICT_PROTOTYPES = YES;
				CLANG_WARN_SUSPICIOUS_MOVE = YES;
				CLANG_WARN_UNGUARDED_AVAILABILITY = YES_AGGRESSIVE;
				CLANG_WARN_UNREACHABLE_CODE = YES;
				CLANG_WARN__DUPLICATE_METHOD_MATCH = YES;
				COPY_PHASE_STRIP = NO;
				DEBUG_INFORMATION_FORMAT = dwarf;
				ENABLE_STRICT_OBJC_MSGSEND = YES;
				ENABLE_TESTABILITY = YES;
				GCC_C_LANGUAGE_STANDARD = gnu11;
				GCC_DYNAMIC_NO_PIC = NO;
				GCC_NO_COMMON_BLOCKS = YES;
				GCC_OPTIMIZATION_LEVEL = 0;
				GCC_PREPROCESSOR_DEFINITIONS = (
					"DEBUG=1",
					"$(inherited)",
				);
				GCC_WARN_64_TO_32_BIT_CONVERSION = YES;
				GCC_WARN_ABOUT_RETURN_TYPE = YES_ERROR;
				GCC_WARN_UNDECLARED_SELECTOR = YES;
				GCC_WARN_UNINITIALIZED_AUTOS = YES_AGGRESSIVE;
				GCC_WARN_UNUSED_FUNCTION = YES;
				GCC_WARN_UNUSED_VARIABLE = YES;
				IPHONEOS_DEPLOYMENT_TARGET = 13.2;
				MTL_ENABLE_DEBUG_INFO = INCLUDE_SOURCE;
				MTL_FAST_MATH = YES;
				ONLY_ACTIVE_ARCH = YES;
				SDKROOT = iphoneos;
				SWIFT_ACTIVE_COMPILATION_CONDITIONS = DEBUG;
				SWIFT_OPTIMIZATION_LEVEL = "-Onone";
			};
			name = Debug;
		};
		02682EE22409C9930064C354 /* Release */ = {
			isa = XCBuildConfiguration;
			buildSettings = {
				ALWAYS_SEARCH_USER_PATHS = NO;
				CLANG_ANALYZER_NONNULL = YES;
				CLANG_ANALYZER_NUMBER_OBJECT_CONVERSION = YES_AGGRESSIVE;
				CLANG_CXX_LANGUAGE_STANDARD = "gnu++14";
				CLANG_CXX_LIBRARY = "libc++";
				CLANG_ENABLE_MODULES = YES;
				CLANG_ENABLE_OBJC_ARC = YES;
				CLANG_ENABLE_OBJC_WEAK = YES;
				CLANG_WARN_BLOCK_CAPTURE_AUTORELEASING = YES;
				CLANG_WARN_BOOL_CONVERSION = YES;
				CLANG_WARN_COMMA = YES;
				CLANG_WARN_CONSTANT_CONVERSION = YES;
				CLANG_WARN_DEPRECATED_OBJC_IMPLEMENTATIONS = YES;
				CLANG_WARN_DIRECT_OBJC_ISA_USAGE = YES_ERROR;
				CLANG_WARN_DOCUMENTATION_COMMENTS = YES;
				CLANG_WARN_EMPTY_BODY = YES;
				CLANG_WARN_ENUM_CONVERSION = YES;
				CLANG_WARN_INFINITE_RECURSION = YES;
				CLANG_WARN_INT_CONVERSION = YES;
				CLANG_WARN_NON_LITERAL_NULL_CONVERSION = YES;
				CLANG_WARN_OBJC_IMPLICIT_RETAIN_SELF = YES;
				CLANG_WARN_OBJC_LITERAL_CONVERSION = YES;
				CLANG_WARN_OBJC_ROOT_CLASS = YES_ERROR;
				CLANG_WARN_RANGE_LOOP_ANALYSIS = YES;
				CLANG_WARN_STRICT_PROTOTYPES = YES;
				CLANG_WARN_SUSPICIOUS_MOVE = YES;
				CLANG_WARN_UNGUARDED_AVAILABILITY = YES_AGGRESSIVE;
				CLANG_WARN_UNREACHABLE_CODE = YES;
				CLANG_WARN__DUPLICATE_METHOD_MATCH = YES;
				COPY_PHASE_STRIP = NO;
				DEBUG_INFORMATION_FORMAT = "dwarf-with-dsym";
				ENABLE_NS_ASSERTIONS = NO;
				ENABLE_STRICT_OBJC_MSGSEND = YES;
				GCC_C_LANGUAGE_STANDARD = gnu11;
				GCC_NO_COMMON_BLOCKS = YES;
				GCC_WARN_64_TO_32_BIT_CONVERSION = YES;
				GCC_WARN_ABOUT_RETURN_TYPE = YES_ERROR;
				GCC_WARN_UNDECLARED_SELECTOR = YES;
				GCC_WARN_UNINITIALIZED_AUTOS = YES_AGGRESSIVE;
				GCC_WARN_UNUSED_FUNCTION = YES;
				GCC_WARN_UNUSED_VARIABLE = YES;
				IPHONEOS_DEPLOYMENT_TARGET = 13.2;
				MTL_ENABLE_DEBUG_INFO = NO;
				MTL_FAST_MATH = YES;
				SDKROOT = iphoneos;
				SWIFT_COMPILATION_MODE = wholemodule;
				SWIFT_OPTIMIZATION_LEVEL = "-O";
				VALIDATE_PRODUCT = YES;
			};
			name = Release;
		};
		02682EE42409C9930064C354 /* Debug */ = {
			isa = XCBuildConfiguration;
			baseConfigurationReference = B96D99A0825C85905CB26A81 /* Pods-CocoaPods-Lab.debug.xcconfig */;
			buildSettings = {
				ASSETCATALOG_COMPILER_APPICON_NAME = AppIcon;
				CODE_SIGN_STYLE = Automatic;
				DEVELOPMENT_TEAM = 87F72Z6LFG;
				INFOPLIST_FILE = "CocoaPods-Lab/Info.plist";
				LD_RUNPATH_SEARCH_PATHS = (
					"$(inherited)",
					"@executable_path/Frameworks",
				);
				PRODUCT_BUNDLE_IDENTIFIER = "com.kelbymittan.CocoaPods-Lab";
				PRODUCT_NAME = "$(TARGET_NAME)";
				SWIFT_VERSION = 5.0;
				TARGETED_DEVICE_FAMILY = "1,2";
			};
			name = Debug;
		};
		02682EE52409C9930064C354 /* Release */ = {
			isa = XCBuildConfiguration;
			baseConfigurationReference = 7CC57D94BCDDBB56FDF4266D /* Pods-CocoaPods-Lab.release.xcconfig */;
			buildSettings = {
				ASSETCATALOG_COMPILER_APPICON_NAME = AppIcon;
				CODE_SIGN_STYLE = Automatic;
				DEVELOPMENT_TEAM = 87F72Z6LFG;
				INFOPLIST_FILE = "CocoaPods-Lab/Info.plist";
				LD_RUNPATH_SEARCH_PATHS = (
					"$(inherited)",
					"@executable_path/Frameworks",
				);
				PRODUCT_BUNDLE_IDENTIFIER = "com.kelbymittan.CocoaPods-Lab";
				PRODUCT_NAME = "$(TARGET_NAME)";
				SWIFT_VERSION = 5.0;
				TARGETED_DEVICE_FAMILY = "1,2";
			};
			name = Release;
		};
		02682EE72409C9930064C354 /* Debug */ = {
			isa = XCBuildConfiguration;
			baseConfigurationReference = E0E13A55AFBAADC74F881046 /* Pods-CocoaPods-LabTests.debug.xcconfig */;
			buildSettings = {
				ALWAYS_EMBED_SWIFT_STANDARD_LIBRARIES = YES;
				BUNDLE_LOADER = "$(TEST_HOST)";
				CODE_SIGN_STYLE = Automatic;
				DEVELOPMENT_TEAM = 87F72Z6LFG;
				INFOPLIST_FILE = "CocoaPods-LabTests/Info.plist";
				IPHONEOS_DEPLOYMENT_TARGET = 13.2;
				LD_RUNPATH_SEARCH_PATHS = (
					"$(inherited)",
					"@executable_path/Frameworks",
					"@loader_path/Frameworks",
				);
				PRODUCT_BUNDLE_IDENTIFIER = "com.kelbymittan.CocoaPods-LabTests";
				PRODUCT_NAME = "$(TARGET_NAME)";
				SWIFT_VERSION = 5.0;
				TARGETED_DEVICE_FAMILY = "1,2";
				TEST_HOST = "$(BUILT_PRODUCTS_DIR)/CocoaPods-Lab.app/CocoaPods-Lab";
			};
			name = Debug;
		};
		02682EE82409C9930064C354 /* Release */ = {
			isa = XCBuildConfiguration;
			baseConfigurationReference = 581A01C77A941951061D91ED /* Pods-CocoaPods-LabTests.release.xcconfig */;
			buildSettings = {
				ALWAYS_EMBED_SWIFT_STANDARD_LIBRARIES = YES;
				BUNDLE_LOADER = "$(TEST_HOST)";
				CODE_SIGN_STYLE = Automatic;
				DEVELOPMENT_TEAM = 87F72Z6LFG;
				INFOPLIST_FILE = "CocoaPods-LabTests/Info.plist";
				IPHONEOS_DEPLOYMENT_TARGET = 13.2;
				LD_RUNPATH_SEARCH_PATHS = (
					"$(inherited)",
					"@executable_path/Frameworks",
					"@loader_path/Frameworks",
				);
				PRODUCT_BUNDLE_IDENTIFIER = "com.kelbymittan.CocoaPods-LabTests";
				PRODUCT_NAME = "$(TARGET_NAME)";
				SWIFT_VERSION = 5.0;
				TARGETED_DEVICE_FAMILY = "1,2";
				TEST_HOST = "$(BUILT_PRODUCTS_DIR)/CocoaPods-Lab.app/CocoaPods-Lab";
			};
			name = Release;
		};
/* End XCBuildConfiguration section */

/* Begin XCConfigurationList section */
		02682EBF2409C98A0064C354 /* Build configuration list for PBXProject "CocoaPods-Lab" */ = {
			isa = XCConfigurationList;
			buildConfigurations = (
				02682EE12409C9930064C354 /* Debug */,
				02682EE22409C9930064C354 /* Release */,
			);
			defaultConfigurationIsVisible = 0;
			defaultConfigurationName = Release;
		};
		02682EE32409C9930064C354 /* Build configuration list for PBXNativeTarget "CocoaPods-Lab" */ = {
			isa = XCConfigurationList;
			buildConfigurations = (
				02682EE42409C9930064C354 /* Debug */,
				02682EE52409C9930064C354 /* Release */,
			);
			defaultConfigurationIsVisible = 0;
			defaultConfigurationName = Release;
		};
		02682EE62409C9930064C354 /* Build configuration list for PBXNativeTarget "CocoaPods-LabTests" */ = {
			isa = XCConfigurationList;
			buildConfigurations = (
				02682EE72409C9930064C354 /* Debug */,
				02682EE82409C9930064C354 /* Release */,
			);
			defaultConfigurationIsVisible = 0;
			defaultConfigurationName = Release;
		};
/* End XCConfigurationList section */
	};
	rootObject = 02682EBC2409C98A0064C354 /* Project object */;
}
